
Microsoft Visual Studio Solution File, Format Version 12.00
# Visual Studio 15
VisualStudioVersion = 15.0.28010.2003
MinimumVisualStudioVersion = 10.0.40219.1
Project("{8BC9CEB8-8B4A-11D0-8D11-00A0C91BC942}") = "2018-08-20-first", "2018-08-20-first\2018-08-20-first.vcxproj", "{E07786BC-94F0-4C21-979A-959E0714B8F0}"
EndProject
Project("{8BC9CEB8-8B4A-11D0-8D11-00A0C91BC942}") = "2018-08-20-Box", "2018-08-20-Box\2018-08-20-Box.vcxproj", "{4B3918A4-BB1C-45BE-9501-705F0CC3C296}"
EndProject
Project("{8BC9CEB8-8B4A-11D0-8D11-00A0C91BC942}") = "2018-08-22-VariablePlay", "2018-08-22-VariablePlay\2018-08-22-VariablePlay.vcxproj", "{D4F44892-DB8F-4B53-AE8E-85165C78830A}"
EndProject
Project("{8BC9CEB8-8B4A-11D0-8D11-00A0C91BC942}") = "InputTest", "InputTest\InputTest.vcxproj", "{D2115446-A993-4A3B-B31D-FB630CF55BB7}"
EndProject
Project("{8BC9CEB8-8B4A-11D0-8D11-00A0C91BC942}") = "InputTest2", "InputTest2\InputTest2.vcxproj", "{70FCB5BC-522E-47CB-9E4A-31994561EAA4}"
EndProject
Project("{8BC9CEB8-8B4A-11D0-8D11-00A0C91BC942}") = "precise8th", "precise8th\precise8th.vcxproj", "{E9267549-F970-48B5-A545-1E82207EE306}"
EndProject
Project("{8BC9CEB8-8B4A-11D0-8D11-00A0C91BC942}") = "imprecise5th", "imprecise5th\imprecise5th.vcxproj", "{B993A71E-5F3E-45D6-8DF5-08FCE5961B8C}"
EndProject
Project("{8BC9CEB8-8B4A-11D0-8D11-00A0C91BC942}") = "ConstantTest", "ConstantTest\ConstantTest.vcxproj", "{CDA438E4-2C51-42EE-BA30-AAABBD695249}"
EndProject
Project("{8BC9CEB8-8B4A-11D0-8D11-00A0C91BC942}") = "miles_feet_inches_to_inches", "miles_feet_inches_to_inches\miles_feet_inches_to_inches.vcxproj", "{83370B60-C34D-44E3-8626-671595FF81EA}"
EndProject
Project("{8BC9CEB8-8B4A-11D0-8D11-00A0C91BC942}") = "inches_to_miles_feet_inches", "inches_to_miles_feet_inches\inches_to_miles_feet_inches.vcxproj", "{485A93FF-EDEE-420E-B85C-128518447688}"
EndProject
Project("{8BC9CEB8-8B4A-11D0-8D11-00A0C91BC942}") = "PointInput", "PointInput\PointInput.vcxproj", "{92F07EEE-4FC4-42F2-9F5F-DAE059EF9498}"
EndProject
Project("{8BC9CEB8-8B4A-11D0-8D11-00A0C91BC942}") = "2018-09-03-DivisionProblem", "2018-09-03-DivisionProblem\2018-09-03-DivisionProblem.vcxproj", "{D3C5023C-99C2-4122-9A1F-ECDE19B3AA18}"
EndProject
Project("{8BC9CEB8-8B4A-11D0-8D11-00A0C91BC942}") = "2018-09-03-DivisionProblem-2", "2018-09-03-DivisionProblem-2\2018-09-03-DivisionProblem-2.vcxproj", "{519E0D68-8184-475B-AF27-7C1C923F5B96}"
EndProject
Project("{8BC9CEB8-8B4A-11D0-8D11-00A0C91BC942}") = "2018-09-03-EnterRange", "2018-09-03-EnterRange\2018-09-03-EnterRange.vcxproj", "{73A13363-B0AC-49A2-BE85-2342119F3A92}"
EndProject
Project("{8BC9CEB8-8B4A-11D0-8D11-00A0C91BC942}") = "2018-09-03-NumberTranslator", "2018-09-03-NumberTranslator\2018-09-03-NumberTranslator.vcxproj", "{E0170002-B488-473A-A894-C44BD07088B0}"
EndProject
Project("{8BC9CEB8-8B4A-11D0-8D11-00A0C91BC942}") = "2018-09-03-high-low", "2018-09-03-high-low\2018-09-03-high-low.vcxproj", "{FFC40EF8-9B1F-4458-B233-C520B3844E79}"
EndProject
Project("{8BC9CEB8-8B4A-11D0-8D11-00A0C91BC942}") = "2018-09-05-NumberToBinary", "2018-09-05-NumberToBinary\2018-09-05-NumberToBinary.vcxproj", "{813344D5-5043-401F-8DF6-151D77A5CF3E}"
EndProject
Project("{8BC9CEB8-8B4A-11D0-8D11-00A0C91BC942}") = "2018-09-05-NumToBinaryIterative", "2018-09-05-NumToBinaryIterative\2018-09-05-NumToBinaryIterative.vcxproj", "{0B88570B-79A9-480C-BF58-B32FDE87B38D}"
EndProject
Global
	GlobalSection(SolutionConfigurationPlatforms) = preSolution
		Debug|x64 = Debug|x64
		Debug|x86 = Debug|x86
		Release|x64 = Release|x64
		Release|x86 = Release|x86
	EndGlobalSection
	GlobalSection(ProjectConfigurationPlatforms) = postSolution
		{E07786BC-94F0-4C21-979A-959E0714B8F0}.Debug|x64.ActiveCfg = Debug|x64
		{E07786BC-94F0-4C21-979A-959E0714B8F0}.Debug|x64.Build.0 = Debug|x64
		{E07786BC-94F0-4C21-979A-959E0714B8F0}.Debug|x86.ActiveCfg = Debug|Win32
		{E07786BC-94F0-4C21-979A-959E0714B8F0}.Debug|x86.Build.0 = Debug|Win32
		{E07786BC-94F0-4C21-979A-959E0714B8F0}.Release|x64.ActiveCfg = Release|x64
		{E07786BC-94F0-4C21-979A-959E0714B8F0}.Release|x64.Build.0 = Release|x64
		{E07786BC-94F0-4C21-979A-959E0714B8F0}.Release|x86.ActiveCfg = Release|Win32
		{E07786BC-94F0-4C21-979A-959E0714B8F0}.Release|x86.Build.0 = Release|Win32
		{4B3918A4-BB1C-45BE-9501-705F0CC3C296}.Debug|x64.ActiveCfg = Debug|x64
		{4B3918A4-BB1C-45BE-9501-705F0CC3C296}.Debug|x64.Build.0 = Debug|x64
		{4B3918A4-BB1C-45BE-9501-705F0CC3C296}.Debug|x86.ActiveCfg = Debug|Win32
		{4B3918A4-BB1C-45BE-9501-705F0CC3C296}.Debug|x86.Build.0 = Debug|Win32
		{4B3918A4-BB1C-45BE-9501-705F0CC3C296}.Release|x64.ActiveCfg = Release|x64
		{4B3918A4-BB1C-45BE-9501-705F0CC3C296}.Release|x64.Build.0 = Release|x64
		{4B3918A4-BB1C-45BE-9501-705F0CC3C296}.Release|x86.ActiveCfg = Release|Win32
		{4B3918A4-BB1C-45BE-9501-705F0CC3C296}.Release|x86.Build.0 = Release|Win32
		{D4F44892-DB8F-4B53-AE8E-85165C78830A}.Debug|x64.ActiveCfg = Debug|x64
		{D4F44892-DB8F-4B53-AE8E-85165C78830A}.Debug|x64.Build.0 = Debug|x64
		{D4F44892-DB8F-4B53-AE8E-85165C78830A}.Debug|x86.ActiveCfg = Debug|Win32
		{D4F44892-DB8F-4B53-AE8E-85165C78830A}.Debug|x86.Build.0 = Debug|Win32
		{D4F44892-DB8F-4B53-AE8E-85165C78830A}.Release|x64.ActiveCfg = Release|x64
		{D4F44892-DB8F-4B53-AE8E-85165C78830A}.Release|x64.Build.0 = Release|x64
		{D4F44892-DB8F-4B53-AE8E-85165C78830A}.Release|x86.ActiveCfg = Release|Win32
		{D4F44892-DB8F-4B53-AE8E-85165C78830A}.Release|x86.Build.0 = Release|Win32
		{D2115446-A993-4A3B-B31D-FB630CF55BB7}.Debug|x64.ActiveCfg = Debug|x64
		{D2115446-A993-4A3B-B31D-FB630CF55BB7}.Debug|x64.Build.0 = Debug|x64
		{D2115446-A993-4A3B-B31D-FB630CF55BB7}.Debug|x86.ActiveCfg = Debug|Win32
		{D2115446-A993-4A3B-B31D-FB630CF55BB7}.Debug|x86.Build.0 = Debug|Win32
		{D2115446-A993-4A3B-B31D-FB630CF55BB7}.Release|x64.ActiveCfg = Release|x64
		{D2115446-A993-4A3B-B31D-FB630CF55BB7}.Release|x64.Build.0 = Release|x64
		{D2115446-A993-4A3B-B31D-FB630CF55BB7}.Release|x86.ActiveCfg = Release|Win32
		{D2115446-A993-4A3B-B31D-FB630CF55BB7}.Release|x86.Build.0 = Release|Win32
		{70FCB5BC-522E-47CB-9E4A-31994561EAA4}.Debug|x64.ActiveCfg = Debug|x64
		{70FCB5BC-522E-47CB-9E4A-31994561EAA4}.Debug|x64.Build.0 = Debug|x64
		{70FCB5BC-522E-47CB-9E4A-31994561EAA4}.Debug|x86.ActiveCfg = Debug|Win32
		{70FCB5BC-522E-47CB-9E4A-31994561EAA4}.Debug|x86.Build.0 = Debug|Win32
		{70FCB5BC-522E-47CB-9E4A-31994561EAA4}.Release|x64.ActiveCfg = Release|x64
		{70FCB5BC-522E-47CB-9E4A-31994561EAA4}.Release|x64.Build.0 = Release|x64
		{70FCB5BC-522E-47CB-9E4A-31994561EAA4}.Release|x86.ActiveCfg = Release|Win32
		{70FCB5BC-522E-47CB-9E4A-31994561EAA4}.Release|x86.Build.0 = Release|Win32
		{E9267549-F970-48B5-A545-1E82207EE306}.Debug|x64.ActiveCfg = Debug|x64
		{E9267549-F970-48B5-A545-1E82207EE306}.Debug|x64.Build.0 = Debug|x64
		{E9267549-F970-48B5-A545-1E82207EE306}.Debug|x86.ActiveCfg = Debug|Win32
		{E9267549-F970-48B5-A545-1E82207EE306}.Debug|x86.Build.0 = Debug|Win32
		{E9267549-F970-48B5-A545-1E82207EE306}.Release|x64.ActiveCfg = Release|x64
		{E9267549-F970-48B5-A545-1E82207EE306}.Release|x64.Build.0 = Release|x64
		{E9267549-F970-48B5-A545-1E82207EE306}.Release|x86.ActiveCfg = Release|Win32
		{E9267549-F970-48B5-A545-1E82207EE306}.Release|x86.Build.0 = Release|Win32
		{B993A71E-5F3E-45D6-8DF5-08FCE5961B8C}.Debug|x64.ActiveCfg = Debug|x64
		{B993A71E-5F3E-45D6-8DF5-08FCE5961B8C}.Debug|x64.Build.0 = Debug|x64
		{B993A71E-5F3E-45D6-8DF5-08FCE5961B8C}.Debug|x86.ActiveCfg = Debug|Win32
		{B993A71E-5F3E-45D6-8DF5-08FCE5961B8C}.Debug|x86.Build.0 = Debug|Win32
		{B993A71E-5F3E-45D6-8DF5-08FCE5961B8C}.Release|x64.ActiveCfg = Release|x64
		{B993A71E-5F3E-45D6-8DF5-08FCE5961B8C}.Release|x64.Build.0 = Release|x64
		{B993A71E-5F3E-45D6-8DF5-08FCE5961B8C}.Release|x86.ActiveCfg = Release|Win32
		{B993A71E-5F3E-45D6-8DF5-08FCE5961B8C}.Release|x86.Build.0 = Release|Win32
		{CDA438E4-2C51-42EE-BA30-AAABBD695249}.Debug|x64.ActiveCfg = Debug|x64
		{CDA438E4-2C51-42EE-BA30-AAABBD695249}.Debug|x64.Build.0 = Debug|x64
		{CDA438E4-2C51-42EE-BA30-AAABBD695249}.Debug|x86.ActiveCfg = Debug|Win32
		{CDA438E4-2C51-42EE-BA30-AAABBD695249}.Debug|x86.Build.0 = Debug|Win32
		{CDA438E4-2C51-42EE-BA30-AAABBD695249}.Release|x64.ActiveCfg = Release|x64
		{CDA438E4-2C51-42EE-BA30-AAABBD695249}.Release|x64.Build.0 = Release|x64
		{CDA438E4-2C51-42EE-BA30-AAABBD695249}.Release|x86.ActiveCfg = Release|Win32
		{CDA438E4-2C51-42EE-BA30-AAABBD695249}.Release|x86.Build.0 = Release|Win32
		{83370B60-C34D-44E3-8626-671595FF81EA}.Debug|x64.ActiveCfg = Debug|x64
		{83370B60-C34D-44E3-8626-671595FF81EA}.Debug|x64.Build.0 = Debug|x64
		{83370B60-C34D-44E3-8626-671595FF81EA}.Debug|x86.ActiveCfg = Debug|Win32
		{83370B60-C34D-44E3-8626-671595FF81EA}.Debug|x86.Build.0 = Debug|Win32
		{83370B60-C34D-44E3-8626-671595FF81EA}.Release|x64.ActiveCfg = Release|x64
		{83370B60-C34D-44E3-8626-671595FF81EA}.Release|x64.Build.0 = Release|x64
		{83370B60-C34D-44E3-8626-671595FF81EA}.Release|x86.ActiveCfg = Release|Win32
		{83370B60-C34D-44E3-8626-671595FF81EA}.Release|x86.Build.0 = Release|Win32
		{485A93FF-EDEE-420E-B85C-128518447688}.Debug|x64.ActiveCfg = Debug|x64
		{485A93FF-EDEE-420E-B85C-128518447688}.Debug|x64.Build.0 = Debug|x64
		{485A93FF-EDEE-420E-B85C-128518447688}.Debug|x86.ActiveCfg = Debug|Win32
		{485A93FF-EDEE-420E-B85C-128518447688}.Debug|x86.Build.0 = Debug|Win32
		{485A93FF-EDEE-420E-B85C-128518447688}.Release|x64.ActiveCfg = Release|x64
		{485A93FF-EDEE-420E-B85C-128518447688}.Release|x64.Build.0 = Release|x64
		{485A93FF-EDEE-420E-B85C-128518447688}.Release|x86.ActiveCfg = Release|Win32
		{485A93FF-EDEE-420E-B85C-128518447688}.Release|x86.Build.0 = Release|Win32
		{92F07EEE-4FC4-42F2-9F5F-DAE059EF9498}.Debug|x64.ActiveCfg = Debug|x64
		{92F07EEE-4FC4-42F2-9F5F-DAE059EF9498}.Debug|x64.Build.0 = Debug|x64
		{92F07EEE-4FC4-42F2-9F5F-DAE059EF9498}.Debug|x86.ActiveCfg = Debug|Win32
		{92F07EEE-4FC4-42F2-9F5F-DAE059EF9498}.Debug|x86.Build.0 = Debug|Win32
		{92F07EEE-4FC4-42F2-9F5F-DAE059EF9498}.Release|x64.ActiveCfg = Release|x64
		{92F07EEE-4FC4-42F2-9F5F-DAE059EF9498}.Release|x64.Build.0 = Release|x64
		{92F07EEE-4FC4-42F2-9F5F-DAE059EF9498}.Release|x86.ActiveCfg = Release|Win32
		{92F07EEE-4FC4-42F2-9F5F-DAE059EF9498}.Release|x86.Build.0 = Release|Win32
		{D3C5023C-99C2-4122-9A1F-ECDE19B3AA18}.Debug|x64.ActiveCfg = Debug|x64
		{D3C5023C-99C2-4122-9A1F-ECDE19B3AA18}.Debug|x64.Build.0 = Debug|x64
		{D3C5023C-99C2-4122-9A1F-ECDE19B3AA18}.Debug|x86.ActiveCfg = Debug|Win32
		{D3C5023C-99C2-4122-9A1F-ECDE19B3AA18}.Debug|x86.Build.0 = Debug|Win32
		{D3C5023C-99C2-4122-9A1F-ECDE19B3AA18}.Release|x64.ActiveCfg = Release|x64
		{D3C5023C-99C2-4122-9A1F-ECDE19B3AA18}.Release|x64.Build.0 = Release|x64
		{D3C5023C-99C2-4122-9A1F-ECDE19B3AA18}.Release|x86.ActiveCfg = Release|Win32
		{D3C5023C-99C2-4122-9A1F-ECDE19B3AA18}.Release|x86.Build.0 = Release|Win32
		{519E0D68-8184-475B-AF27-7C1C923F5B96}.Debug|x64.ActiveCfg = Debug|x64
		{519E0D68-8184-475B-AF27-7C1C923F5B96}.Debug|x64.Build.0 = Debug|x64
		{519E0D68-8184-475B-AF27-7C1C923F5B96}.Debug|x86.ActiveCfg = Debug|Win32
		{519E0D68-8184-475B-AF27-7C1C923F5B96}.Debug|x86.Build.0 = Debug|Win32
		{519E0D68-8184-475B-AF27-7C1C923F5B96}.Release|x64.ActiveCfg = Release|x64
		{519E0D68-8184-475B-AF27-7C1C923F5B96}.Release|x64.Build.0 = Release|x64
		{519E0D68-8184-475B-AF27-7C1C923F5B96}.Release|x86.ActiveCfg = Release|Win32
		{519E0D68-8184-475B-AF27-7C1C923F5B96}.Release|x86.Build.0 = Release|Win32
		{73A13363-B0AC-49A2-BE85-2342119F3A92}.Debug|x64.ActiveCfg = Debug|x64
		{73A13363-B0AC-49A2-BE85-2342119F3A92}.Debug|x64.Build.0 = Debug|x64
		{73A13363-B0AC-49A2-BE85-2342119F3A92}.Debug|x86.ActiveCfg = Debug|Win32
		{73A13363-B0AC-49A2-BE85-2342119F3A92}.Debug|x86.Build.0 = Debug|Win32
		{73A13363-B0AC-49A2-BE85-2342119F3A92}.Release|x64.ActiveCfg = Release|x64
		{73A13363-B0AC-49A2-BE85-2342119F3A92}.Release|x64.Build.0 = Release|x64
		{73A13363-B0AC-49A2-BE85-2342119F3A92}.Release|x86.ActiveCfg = Release|Win32
		{73A13363-B0AC-49A2-BE85-2342119F3A92}.Release|x86.Build.0 = Release|Win32
		{E0170002-B488-473A-A894-C44BD07088B0}.Debug|x64.ActiveCfg = Debug|x64
		{E0170002-B488-473A-A894-C44BD07088B0}.Debug|x64.Build.0 = Debug|x64
		{E0170002-B488-473A-A894-C44BD07088B0}.Debug|x86.ActiveCfg = Debug|Win32
		{E0170002-B488-473A-A894-C44BD07088B0}.Debug|x86.Build.0 = Debug|Win32
		{E0170002-B488-473A-A894-C44BD07088B0}.Release|x64.ActiveCfg = Release|x64
		{E0170002-B488-473A-A894-C44BD07088B0}.Release|x64.Build.0 = Release|x64
		{E0170002-B488-473A-A894-C44BD07088B0}.Release|x86.ActiveCfg = Release|Win32
		{E0170002-B488-473A-A894-C44BD07088B0}.Release|x86.Build.0 = Release|Win32
		{FFC40EF8-9B1F-4458-B233-C520B3844E79}.Debug|x64.ActiveCfg = Debug|x64
		{FFC40EF8-9B1F-4458-B233-C520B3844E79}.Debug|x64.Build.0 = Debug|x64
		{FFC40EF8-9B1F-4458-B233-C520B3844E79}.Debug|x86.ActiveCfg = Debug|Win32
		{FFC40EF8-9B1F-4458-B233-C520B3844E79}.Debug|x86.Build.0 = Debug|Win32
		{FFC40EF8-9B1F-4458-B233-C520B3844E79}.Release|x64.ActiveCfg = Release|x64
		{FFC40EF8-9B1F-4458-B233-C520B3844E79}.Release|x64.Build.0 = Release|x64
		{FFC40EF8-9B1F-4458-B233-C520B3844E79}.Release|x86.ActiveCfg = Release|Win32
		{FFC40EF8-9B1F-4458-B233-C520B3844E79}.Release|x86.Build.0 = Release|Win32
		{813344D5-5043-401F-8DF6-151D77A5CF3E}.Debug|x64.ActiveCfg = Debug|x64
		{813344D5-5043-401F-8DF6-151D77A5CF3E}.Debug|x64.Build.0 = Debug|x64
		{813344D5-5043-401F-8DF6-151D77A5CF3E}.Debug|x86.ActiveCfg = Debug|Win32
		{813344D5-5043-401F-8DF6-151D77A5CF3E}.Debug|x86.Build.0 = Debug|Win32
		{813344D5-5043-401F-8DF6-151D77A5CF3E}.Release|x64.ActiveCfg = Release|x64
		{813344D5-5043-401F-8DF6-151D77A5CF3E}.Release|x64.Build.0 = Release|x64
		{813344D5-5043-401F-8DF6-151D77A5CF3E}.Release|x86.ActiveCfg = Release|Win32
		{813344D5-5043-401F-8DF6-151D77A5CF3E}.Release|x86.Build.0 = Release|Win32
		{0B88570B-79A9-480C-BF58-B32FDE87B38D}.Debug|x64.ActiveCfg = Debug|x64
		{0B88570B-79A9-480C-BF58-B32FDE87B38D}.Debug|x64.Build.0 = Debug|x64
		{0B88570B-79A9-480C-BF58-B32FDE87B38D}.Debug|x86.ActiveCfg = Debug|Win32
		{0B88570B-79A9-480C-BF58-B32FDE87B38D}.Debug|x86.Build.0 = Debug|Win32
		{0B88570B-79A9-480C-BF58-B32FDE87B38D}.Release|x64.ActiveCfg = Release|x64
		{0B88570B-79A9-480C-BF58-B32FDE87B38D}.Release|x64.Build.0 = Release|x64
		{0B88570B-79A9-480C-BF58-B32FDE87B38D}.Release|x86.ActiveCfg = Release|Win32
		{0B88570B-79A9-480C-BF58-B32FDE87B38D}.Release|x86.Build.0 = Release|Win32
	EndGlobalSection
	GlobalSection(SolutionProperties) = preSolution
		HideSolutionNode = FALSE
	EndGlobalSection
	GlobalSection(ExtensibilityGlobals) = postSolution
		SolutionGuid = {C14D1C83-156D-4BE0-A1BE-FF222485004D}
	EndGlobalSection
EndGlobal
