
Microsoft Visual Studio Solution File, Format Version 12.00
# Visual Studio 15
VisualStudioVersion = 15.0.28010.2003
MinimumVisualStudioVersion = 10.0.40219.1
Project("{8BC9CEB8-8B4A-11D0-8D11-00A0C91BC942}") = "2018-08-20-first", "2018-08-20-first\2018-08-20-first.vcxproj", "{E07786BC-94F0-4C21-979A-959E0714B8F0}"
EndProject
Project("{8BC9CEB8-8B4A-11D0-8D11-00A0C91BC942}") = "2018-08-20-Box", "2018-08-20-Box\2018-08-20-Box.vcxproj", "{4B3918A4-BB1C-45BE-9501-705F0CC3C296}"
EndProject
Project("{8BC9CEB8-8B4A-11D0-8D11-00A0C91BC942}") = "2018-08-22-VariablePlay", "2018-08-22-VariablePlay\2018-08-22-VariablePlay.vcxproj", "{D4F44892-DB8F-4B53-AE8E-85165C78830A}"
EndProject
Project("{8BC9CEB8-8B4A-11D0-8D11-00A0C91BC942}") = "InputTest", "InputTest\InputTest.vcxproj", "{D2115446-A993-4A3B-B31D-FB630CF55BB7}"
EndProject
Project("{8BC9CEB8-8B4A-11D0-8D11-00A0C91BC942}") = "InputTest2", "InputTest2\InputTest2.vcxproj", "{70FCB5BC-522E-47CB-9E4A-31994561EAA4}"
EndProject
Project("{8BC9CEB8-8B4A-11D0-8D11-00A0C91BC942}") = "precise8th", "precise8th\precise8th.vcxproj", "{E9267549-F970-48B5-A545-1E82207EE306}"
EndProject
Project("{8BC9CEB8-8B4A-11D0-8D11-00A0C91BC942}") = "imprecise5th", "imprecise5th\imprecise5th.vcxproj", "{B993A71E-5F3E-45D6-8DF5-08FCE5961B8C}"
EndProject
Project("{8BC9CEB8-8B4A-11D0-8D11-00A0C91BC942}") = "ConstantTest", "ConstantTest\ConstantTest.vcxproj", "{CDA438E4-2C51-42EE-BA30-AAABBD695249}"
EndProject
Project("{8BC9CEB8-8B4A-11D0-8D11-00A0C91BC942}") = "miles_feet_inches_to_inches", "miles_feet_inches_to_inches\miles_feet_inches_to_inches.vcxproj", "{83370B60-C34D-44E3-8626-671595FF81EA}"
EndProject
Project("{8BC9CEB8-8B4A-11D0-8D11-00A0C91BC942}") = "inches_to_miles_feet_inches", "inches_to_miles_feet_inches\inches_to_miles_feet_inches.vcxproj", "{485A93FF-EDEE-420E-B85C-128518447688}"
EndProject
Project("{8BC9CEB8-8B4A-11D0-8D11-00A0C91BC942}") = "PointInput", "PointInput\PointInput.vcxproj", "{92F07EEE-4FC4-42F2-9F5F-DAE059EF9498}"
EndProject
Project("{8BC9CEB8-8B4A-11D0-8D11-00A0C91BC942}") = "2018-09-03-DivisionProblem", "2018-09-03-DivisionProblem\2018-09-03-DivisionProblem.vcxproj", "{D3C5023C-99C2-4122-9A1F-ECDE19B3AA18}"
EndProject
Project("{8BC9CEB8-8B4A-11D0-8D11-00A0C91BC942}") = "2018-09-03-DivisionProblem-2", "2018-09-03-DivisionProblem-2\2018-09-03-DivisionProblem-2.vcxproj", "{519E0D68-8184-475B-AF27-7C1C923F5B96}"
EndProject
Project("{8BC9CEB8-8B4A-11D0-8D11-00A0C91BC942}") = "2018-09-03-EnterRange", "2018-09-03-EnterRange\2018-09-03-EnterRange.vcxproj", "{73A13363-B0AC-49A2-BE85-2342119F3A92}"
EndProject
Project("{8BC9CEB8-8B4A-11D0-8D11-00A0C91BC942}") = "2018-09-03-NumberTranslator", "2018-09-03-NumberTranslator\2018-09-03-NumberTranslator.vcxproj", "{E0170002-B488-473A-A894-C44BD07088B0}"
EndProject
Project("{8BC9CEB8-8B4A-11D0-8D11-00A0C91BC942}") = "2018-09-03-high-low", "2018-09-03-high-low\2018-09-03-high-low.vcxproj", "{FFC40EF8-9B1F-4458-B233-C520B3844E79}"
EndProject
Project("{8BC9CEB8-8B4A-11D0-8D11-00A0C91BC942}") = "2018-09-05-NumberToBinary", "2018-09-05-NumberToBinary\2018-09-05-NumberToBinary.vcxproj", "{813344D5-5043-401F-8DF6-151D77A5CF3E}"
EndProject
Project("{8BC9CEB8-8B4A-11D0-8D11-00A0C91BC942}") = "2018-09-05-NumToBinaryIterative", "2018-09-05-NumToBinaryIterative\2018-09-05-NumToBinaryIterative.vcxproj", "{0B88570B-79A9-480C-BF58-B32FDE87B38D}"
EndProject
Project("{8BC9CEB8-8B4A-11D0-8D11-00A0C91BC942}") = "numberaverage", "numberaverage\numberaverage.vcxproj", "{928158C5-35BA-4DCA-B97D-5B9E7CE52E35}"
EndProject
Project("{8BC9CEB8-8B4A-11D0-8D11-00A0C91BC942}") = "stargrid", "stargrid\stargrid.vcxproj", "{61CB9D06-A63C-4C5F-999B-7CF319F185FD}"
EndProject
Project("{8BC9CEB8-8B4A-11D0-8D11-00A0C91BC942}") = "2018-09-12_CountTo10", "2018-09-12_CountTo10\2018-09-12_CountTo10.vcxproj", "{F165B3D2-408D-44C3-BD3F-AE2B12066482}"
EndProject
Project("{8BC9CEB8-8B4A-11D0-8D11-00A0C91BC942}") = "timestable1", "timestable1\timestable1.vcxproj", "{3ADD97F4-10D9-4EF9-8735-63F22B6031BD}"
EndProject
Project("{8BC9CEB8-8B4A-11D0-8D11-00A0C91BC942}") = "tablestable2", "tablestable2\tablestable2.vcxproj", "{72C44C45-5433-4807-8B8C-87DEFF63975C}"
EndProject
Project("{8BC9CEB8-8B4A-11D0-8D11-00A0C91BC942}") = "timestable3", "timestable3\timestable3.vcxproj", "{339C6150-815F-4B75-B157-7BA19F1113D5}"
EndProject
Project("{8BC9CEB8-8B4A-11D0-8D11-00A0C91BC942}") = "timestable4", "timestable4\timestable4.vcxproj", "{E7CAC7D1-284C-4945-A2AB-7CF1810C416D}"
EndProject
Project("{8BC9CEB8-8B4A-11D0-8D11-00A0C91BC942}") = "PrimeOrComposite", "PrimeOrComposite\PrimeOrComposite.vcxproj", "{18406B51-C7ED-4673-9BDF-052DA0A01303}"
EndProject
Project("{8BC9CEB8-8B4A-11D0-8D11-00A0C91BC942}") = "ComputeSquareRootTheHardWay", "ComputeSquareRootTheHardWay\ComputeSquareRootTheHardWay.vcxproj", "{84D20FAF-B52F-4654-A413-8409D14B76B2}"
EndProject
Project("{8BC9CEB8-8B4A-11D0-8D11-00A0C91BC942}") = "ComputeSquareRootTheRealEasyWay", "ComputeSquareRootTheRealEasyWay\ComputeSquareRootTheRealEasyWay.vcxproj", "{544EA06F-0630-42A6-BE4D-EF9D7E8E9FF2}"
EndProject
Project("{8BC9CEB8-8B4A-11D0-8D11-00A0C91BC942}") = "ComputeSquareRootMyFunction", "ComputeSquareRootMyFunction\ComputeSquareRootMyFunction.vcxproj", "{1CBAC7A8-97EE-4B00-9412-2761BF19DA0E}"
EndProject
Project("{8BC9CEB8-8B4A-11D0-8D11-00A0C91BC942}") = "LocalVars", "LocalVars\LocalVars.vcxproj", "{674643D2-7EED-4E14-8E03-53E093E15EDC}"
EndProject
Project("{8BC9CEB8-8B4A-11D0-8D11-00A0C91BC942}") = "GlobalVars", "GlobalVars\GlobalVars.vcxproj", "{8080D975-1937-45CE-9F5E-8F89FA508201}"
EndProject
Project("{8BC9CEB8-8B4A-11D0-8D11-00A0C91BC942}") = "ArithmeticFunc", "ArithmeticFunc\ArithmeticFunc.vcxproj", "{E6306D34-8261-4EC0-B63C-C0F38331CEDB}"
EndProject
Project("{8BC9CEB8-8B4A-11D0-8D11-00A0C91BC942}") = "BlueBox", "BlueBox\BlueBox.vcxproj", "{A0C32338-7041-4540-962E-4E7BC4BC1BB4}"
EndProject
Project("{8BC9CEB8-8B4A-11D0-8D11-00A0C91BC942}") = "LocalGlobalVars", "LocalGlobalVars\LocalGlobalVars.vcxproj", "{42657CC2-50C4-4E87-83D6-4E2F09E82AC0}"
EndProject
Project("{8BC9CEB8-8B4A-11D0-8D11-00A0C91BC942}") = "factorial", "factorial\factorial.vcxproj", "{AAF72583-0360-4830-BC43-F52B6F91E366}"
EndProject
Project("{8BC9CEB8-8B4A-11D0-8D11-00A0C91BC942}") = "averagenumbers", "averagenumbers\averagenumbers.vcxproj", "{A305036F-66C2-4860-B1C2-A603CC90FF87}"
EndProject
Project("{8BC9CEB8-8B4A-11D0-8D11-00A0C91BC942}") = "averagenumbers2", "averagenumbers2\averagenumbers2.vcxproj", "{DF9C7E4C-B63C-4739-B5F6-BC75D248D1EE}"
EndProject
Project("{8BC9CEB8-8B4A-11D0-8D11-00A0C91BC942}") = "count_primes", "count_primes\count_primes.vcxproj", "{6A78F88C-E20F-4071-B765-FBBC7F90F3A3}"
EndProject
Project("{8BC9CEB8-8B4A-11D0-8D11-00A0C91BC942}") = "quiz7", "quiz7\quiz7.vcxproj", "{6B5D36F2-2CFB-45C9-B60B-9963DB60E549}"
EndProject
Project("{8BC9CEB8-8B4A-11D0-8D11-00A0C91BC942}") = "vectorplay", "vectorplay\vectorplay.vcxproj", "{76205A5C-1C14-41FB-B95D-DA419895BA28}"
EndProject
Project("{8BC9CEB8-8B4A-11D0-8D11-00A0C91BC942}") = "VectorSort", "VectorSort\VectorSort.vcxproj", "{8F0C2FB3-08AD-424C-9306-E60AD0C95500}"
EndProject
Project("{8BC9CEB8-8B4A-11D0-8D11-00A0C91BC942}") = "vector2d", "vector2d\vector2d.vcxproj", "{30573B56-B2D2-4C71-B279-C790494FF28A}"
EndProject
Project("{8BC9CEB8-8B4A-11D0-8D11-00A0C91BC942}") = "Quiz8_part_1", "Quiz8_part_1\Quiz8_part_1.vcxproj", "{D22A822F-926F-4DCA-AC1F-9752D716FA64}"
EndProject
Project("{8BC9CEB8-8B4A-11D0-8D11-00A0C91BC942}") = "Quiz8_part_2", "Quiz8_part_2\Quiz8_part_2.vcxproj", "{9A3DCBA2-341E-41B1-9C96-F926A5F1CAF8}"
EndProject
Project("{8BC9CEB8-8B4A-11D0-8D11-00A0C91BC942}") = "ArrayPlay", "ArrayPlay\ArrayPlay.vcxproj", "{605D489C-6BC2-4A89-9DF8-B10DC0D14E3C}"
EndProject
Project("{8BC9CEB8-8B4A-11D0-8D11-00A0C91BC942}") = "ArrayAbuse", "ArrayAbuse\ArrayAbuse.vcxproj", "{49EA825A-5ECB-48DD-B197-05ACC5FF81DA}"
EndProject
Global
	GlobalSection(SolutionConfigurationPlatforms) = preSolution
		Debug|x64 = Debug|x64
		Debug|x86 = Debug|x86
		Release|x64 = Release|x64
		Release|x86 = Release|x86
	EndGlobalSection
	GlobalSection(ProjectConfigurationPlatforms) = postSolution
		{E07786BC-94F0-4C21-979A-959E0714B8F0}.Debug|x64.ActiveCfg = Debug|x64
		{E07786BC-94F0-4C21-979A-959E0714B8F0}.Debug|x64.Build.0 = Debug|x64
		{E07786BC-94F0-4C21-979A-959E0714B8F0}.Debug|x86.ActiveCfg = Debug|Win32
		{E07786BC-94F0-4C21-979A-959E0714B8F0}.Debug|x86.Build.0 = Debug|Win32
		{E07786BC-94F0-4C21-979A-959E0714B8F0}.Release|x64.ActiveCfg = Release|x64
		{E07786BC-94F0-4C21-979A-959E0714B8F0}.Release|x64.Build.0 = Release|x64
		{E07786BC-94F0-4C21-979A-959E0714B8F0}.Release|x86.ActiveCfg = Release|Win32
		{E07786BC-94F0-4C21-979A-959E0714B8F0}.Release|x86.Build.0 = Release|Win32
		{4B3918A4-BB1C-45BE-9501-705F0CC3C296}.Debug|x64.ActiveCfg = Debug|x64
		{4B3918A4-BB1C-45BE-9501-705F0CC3C296}.Debug|x64.Build.0 = Debug|x64
		{4B3918A4-BB1C-45BE-9501-705F0CC3C296}.Debug|x86.ActiveCfg = Debug|Win32
		{4B3918A4-BB1C-45BE-9501-705F0CC3C296}.Debug|x86.Build.0 = Debug|Win32
		{4B3918A4-BB1C-45BE-9501-705F0CC3C296}.Release|x64.ActiveCfg = Release|x64
		{4B3918A4-BB1C-45BE-9501-705F0CC3C296}.Release|x64.Build.0 = Release|x64
		{4B3918A4-BB1C-45BE-9501-705F0CC3C296}.Release|x86.ActiveCfg = Release|Win32
		{4B3918A4-BB1C-45BE-9501-705F0CC3C296}.Release|x86.Build.0 = Release|Win32
		{D4F44892-DB8F-4B53-AE8E-85165C78830A}.Debug|x64.ActiveCfg = Debug|x64
		{D4F44892-DB8F-4B53-AE8E-85165C78830A}.Debug|x64.Build.0 = Debug|x64
		{D4F44892-DB8F-4B53-AE8E-85165C78830A}.Debug|x86.ActiveCfg = Debug|Win32
		{D4F44892-DB8F-4B53-AE8E-85165C78830A}.Debug|x86.Build.0 = Debug|Win32
		{D4F44892-DB8F-4B53-AE8E-85165C78830A}.Release|x64.ActiveCfg = Release|x64
		{D4F44892-DB8F-4B53-AE8E-85165C78830A}.Release|x64.Build.0 = Release|x64
		{D4F44892-DB8F-4B53-AE8E-85165C78830A}.Release|x86.ActiveCfg = Release|Win32
		{D4F44892-DB8F-4B53-AE8E-85165C78830A}.Release|x86.Build.0 = Release|Win32
		{D2115446-A993-4A3B-B31D-FB630CF55BB7}.Debug|x64.ActiveCfg = Debug|x64
		{D2115446-A993-4A3B-B31D-FB630CF55BB7}.Debug|x64.Build.0 = Debug|x64
		{D2115446-A993-4A3B-B31D-FB630CF55BB7}.Debug|x86.ActiveCfg = Debug|Win32
		{D2115446-A993-4A3B-B31D-FB630CF55BB7}.Debug|x86.Build.0 = Debug|Win32
		{D2115446-A993-4A3B-B31D-FB630CF55BB7}.Release|x64.ActiveCfg = Release|x64
		{D2115446-A993-4A3B-B31D-FB630CF55BB7}.Release|x64.Build.0 = Release|x64
		{D2115446-A993-4A3B-B31D-FB630CF55BB7}.Release|x86.ActiveCfg = Release|Win32
		{D2115446-A993-4A3B-B31D-FB630CF55BB7}.Release|x86.Build.0 = Release|Win32
		{70FCB5BC-522E-47CB-9E4A-31994561EAA4}.Debug|x64.ActiveCfg = Debug|x64
		{70FCB5BC-522E-47CB-9E4A-31994561EAA4}.Debug|x64.Build.0 = Debug|x64
		{70FCB5BC-522E-47CB-9E4A-31994561EAA4}.Debug|x86.ActiveCfg = Debug|Win32
		{70FCB5BC-522E-47CB-9E4A-31994561EAA4}.Debug|x86.Build.0 = Debug|Win32
		{70FCB5BC-522E-47CB-9E4A-31994561EAA4}.Release|x64.ActiveCfg = Release|x64
		{70FCB5BC-522E-47CB-9E4A-31994561EAA4}.Release|x64.Build.0 = Release|x64
		{70FCB5BC-522E-47CB-9E4A-31994561EAA4}.Release|x86.ActiveCfg = Release|Win32
		{70FCB5BC-522E-47CB-9E4A-31994561EAA4}.Release|x86.Build.0 = Release|Win32
		{E9267549-F970-48B5-A545-1E82207EE306}.Debug|x64.ActiveCfg = Debug|x64
		{E9267549-F970-48B5-A545-1E82207EE306}.Debug|x64.Build.0 = Debug|x64
		{E9267549-F970-48B5-A545-1E82207EE306}.Debug|x86.ActiveCfg = Debug|Win32
		{E9267549-F970-48B5-A545-1E82207EE306}.Debug|x86.Build.0 = Debug|Win32
		{E9267549-F970-48B5-A545-1E82207EE306}.Release|x64.ActiveCfg = Release|x64
		{E9267549-F970-48B5-A545-1E82207EE306}.Release|x64.Build.0 = Release|x64
		{E9267549-F970-48B5-A545-1E82207EE306}.Release|x86.ActiveCfg = Release|Win32
		{E9267549-F970-48B5-A545-1E82207EE306}.Release|x86.Build.0 = Release|Win32
		{B993A71E-5F3E-45D6-8DF5-08FCE5961B8C}.Debug|x64.ActiveCfg = Debug|x64
		{B993A71E-5F3E-45D6-8DF5-08FCE5961B8C}.Debug|x64.Build.0 = Debug|x64
		{B993A71E-5F3E-45D6-8DF5-08FCE5961B8C}.Debug|x86.ActiveCfg = Debug|Win32
		{B993A71E-5F3E-45D6-8DF5-08FCE5961B8C}.Debug|x86.Build.0 = Debug|Win32
		{B993A71E-5F3E-45D6-8DF5-08FCE5961B8C}.Release|x64.ActiveCfg = Release|x64
		{B993A71E-5F3E-45D6-8DF5-08FCE5961B8C}.Release|x64.Build.0 = Release|x64
		{B993A71E-5F3E-45D6-8DF5-08FCE5961B8C}.Release|x86.ActiveCfg = Release|Win32
		{B993A71E-5F3E-45D6-8DF5-08FCE5961B8C}.Release|x86.Build.0 = Release|Win32
		{CDA438E4-2C51-42EE-BA30-AAABBD695249}.Debug|x64.ActiveCfg = Debug|x64
		{CDA438E4-2C51-42EE-BA30-AAABBD695249}.Debug|x64.Build.0 = Debug|x64
		{CDA438E4-2C51-42EE-BA30-AAABBD695249}.Debug|x86.ActiveCfg = Debug|Win32
		{CDA438E4-2C51-42EE-BA30-AAABBD695249}.Debug|x86.Build.0 = Debug|Win32
		{CDA438E4-2C51-42EE-BA30-AAABBD695249}.Release|x64.ActiveCfg = Release|x64
		{CDA438E4-2C51-42EE-BA30-AAABBD695249}.Release|x64.Build.0 = Release|x64
		{CDA438E4-2C51-42EE-BA30-AAABBD695249}.Release|x86.ActiveCfg = Release|Win32
		{CDA438E4-2C51-42EE-BA30-AAABBD695249}.Release|x86.Build.0 = Release|Win32
		{83370B60-C34D-44E3-8626-671595FF81EA}.Debug|x64.ActiveCfg = Debug|x64
		{83370B60-C34D-44E3-8626-671595FF81EA}.Debug|x64.Build.0 = Debug|x64
		{83370B60-C34D-44E3-8626-671595FF81EA}.Debug|x86.ActiveCfg = Debug|Win32
		{83370B60-C34D-44E3-8626-671595FF81EA}.Debug|x86.Build.0 = Debug|Win32
		{83370B60-C34D-44E3-8626-671595FF81EA}.Release|x64.ActiveCfg = Release|x64
		{83370B60-C34D-44E3-8626-671595FF81EA}.Release|x64.Build.0 = Release|x64
		{83370B60-C34D-44E3-8626-671595FF81EA}.Release|x86.ActiveCfg = Release|Win32
		{83370B60-C34D-44E3-8626-671595FF81EA}.Release|x86.Build.0 = Release|Win32
		{485A93FF-EDEE-420E-B85C-128518447688}.Debug|x64.ActiveCfg = Debug|x64
		{485A93FF-EDEE-420E-B85C-128518447688}.Debug|x64.Build.0 = Debug|x64
		{485A93FF-EDEE-420E-B85C-128518447688}.Debug|x86.ActiveCfg = Debug|Win32
		{485A93FF-EDEE-420E-B85C-128518447688}.Debug|x86.Build.0 = Debug|Win32
		{485A93FF-EDEE-420E-B85C-128518447688}.Release|x64.ActiveCfg = Release|x64
		{485A93FF-EDEE-420E-B85C-128518447688}.Release|x64.Build.0 = Release|x64
		{485A93FF-EDEE-420E-B85C-128518447688}.Release|x86.ActiveCfg = Release|Win32
		{485A93FF-EDEE-420E-B85C-128518447688}.Release|x86.Build.0 = Release|Win32
		{92F07EEE-4FC4-42F2-9F5F-DAE059EF9498}.Debug|x64.ActiveCfg = Debug|x64
		{92F07EEE-4FC4-42F2-9F5F-DAE059EF9498}.Debug|x64.Build.0 = Debug|x64
		{92F07EEE-4FC4-42F2-9F5F-DAE059EF9498}.Debug|x86.ActiveCfg = Debug|Win32
		{92F07EEE-4FC4-42F2-9F5F-DAE059EF9498}.Debug|x86.Build.0 = Debug|Win32
		{92F07EEE-4FC4-42F2-9F5F-DAE059EF9498}.Release|x64.ActiveCfg = Release|x64
		{92F07EEE-4FC4-42F2-9F5F-DAE059EF9498}.Release|x64.Build.0 = Release|x64
		{92F07EEE-4FC4-42F2-9F5F-DAE059EF9498}.Release|x86.ActiveCfg = Release|Win32
		{92F07EEE-4FC4-42F2-9F5F-DAE059EF9498}.Release|x86.Build.0 = Release|Win32
		{D3C5023C-99C2-4122-9A1F-ECDE19B3AA18}.Debug|x64.ActiveCfg = Debug|x64
		{D3C5023C-99C2-4122-9A1F-ECDE19B3AA18}.Debug|x64.Build.0 = Debug|x64
		{D3C5023C-99C2-4122-9A1F-ECDE19B3AA18}.Debug|x86.ActiveCfg = Debug|Win32
		{D3C5023C-99C2-4122-9A1F-ECDE19B3AA18}.Debug|x86.Build.0 = Debug|Win32
		{D3C5023C-99C2-4122-9A1F-ECDE19B3AA18}.Release|x64.ActiveCfg = Release|x64
		{D3C5023C-99C2-4122-9A1F-ECDE19B3AA18}.Release|x64.Build.0 = Release|x64
		{D3C5023C-99C2-4122-9A1F-ECDE19B3AA18}.Release|x86.ActiveCfg = Release|Win32
		{D3C5023C-99C2-4122-9A1F-ECDE19B3AA18}.Release|x86.Build.0 = Release|Win32
		{519E0D68-8184-475B-AF27-7C1C923F5B96}.Debug|x64.ActiveCfg = Debug|x64
		{519E0D68-8184-475B-AF27-7C1C923F5B96}.Debug|x64.Build.0 = Debug|x64
		{519E0D68-8184-475B-AF27-7C1C923F5B96}.Debug|x86.ActiveCfg = Debug|Win32
		{519E0D68-8184-475B-AF27-7C1C923F5B96}.Debug|x86.Build.0 = Debug|Win32
		{519E0D68-8184-475B-AF27-7C1C923F5B96}.Release|x64.ActiveCfg = Release|x64
		{519E0D68-8184-475B-AF27-7C1C923F5B96}.Release|x64.Build.0 = Release|x64
		{519E0D68-8184-475B-AF27-7C1C923F5B96}.Release|x86.ActiveCfg = Release|Win32
		{519E0D68-8184-475B-AF27-7C1C923F5B96}.Release|x86.Build.0 = Release|Win32
		{73A13363-B0AC-49A2-BE85-2342119F3A92}.Debug|x64.ActiveCfg = Debug|x64
		{73A13363-B0AC-49A2-BE85-2342119F3A92}.Debug|x64.Build.0 = Debug|x64
		{73A13363-B0AC-49A2-BE85-2342119F3A92}.Debug|x86.ActiveCfg = Debug|Win32
		{73A13363-B0AC-49A2-BE85-2342119F3A92}.Debug|x86.Build.0 = Debug|Win32
		{73A13363-B0AC-49A2-BE85-2342119F3A92}.Release|x64.ActiveCfg = Release|x64
		{73A13363-B0AC-49A2-BE85-2342119F3A92}.Release|x64.Build.0 = Release|x64
		{73A13363-B0AC-49A2-BE85-2342119F3A92}.Release|x86.ActiveCfg = Release|Win32
		{73A13363-B0AC-49A2-BE85-2342119F3A92}.Release|x86.Build.0 = Release|Win32
		{E0170002-B488-473A-A894-C44BD07088B0}.Debug|x64.ActiveCfg = Debug|x64
		{E0170002-B488-473A-A894-C44BD07088B0}.Debug|x64.Build.0 = Debug|x64
		{E0170002-B488-473A-A894-C44BD07088B0}.Debug|x86.ActiveCfg = Debug|Win32
		{E0170002-B488-473A-A894-C44BD07088B0}.Debug|x86.Build.0 = Debug|Win32
		{E0170002-B488-473A-A894-C44BD07088B0}.Release|x64.ActiveCfg = Release|x64
		{E0170002-B488-473A-A894-C44BD07088B0}.Release|x64.Build.0 = Release|x64
		{E0170002-B488-473A-A894-C44BD07088B0}.Release|x86.ActiveCfg = Release|Win32
		{E0170002-B488-473A-A894-C44BD07088B0}.Release|x86.Build.0 = Release|Win32
		{FFC40EF8-9B1F-4458-B233-C520B3844E79}.Debug|x64.ActiveCfg = Debug|x64
		{FFC40EF8-9B1F-4458-B233-C520B3844E79}.Debug|x64.Build.0 = Debug|x64
		{FFC40EF8-9B1F-4458-B233-C520B3844E79}.Debug|x86.ActiveCfg = Debug|Win32
		{FFC40EF8-9B1F-4458-B233-C520B3844E79}.Debug|x86.Build.0 = Debug|Win32
		{FFC40EF8-9B1F-4458-B233-C520B3844E79}.Release|x64.ActiveCfg = Release|x64
		{FFC40EF8-9B1F-4458-B233-C520B3844E79}.Release|x64.Build.0 = Release|x64
		{FFC40EF8-9B1F-4458-B233-C520B3844E79}.Release|x86.ActiveCfg = Release|Win32
		{FFC40EF8-9B1F-4458-B233-C520B3844E79}.Release|x86.Build.0 = Release|Win32
		{813344D5-5043-401F-8DF6-151D77A5CF3E}.Debug|x64.ActiveCfg = Debug|x64
		{813344D5-5043-401F-8DF6-151D77A5CF3E}.Debug|x64.Build.0 = Debug|x64
		{813344D5-5043-401F-8DF6-151D77A5CF3E}.Debug|x86.ActiveCfg = Debug|Win32
		{813344D5-5043-401F-8DF6-151D77A5CF3E}.Debug|x86.Build.0 = Debug|Win32
		{813344D5-5043-401F-8DF6-151D77A5CF3E}.Release|x64.ActiveCfg = Release|x64
		{813344D5-5043-401F-8DF6-151D77A5CF3E}.Release|x64.Build.0 = Release|x64
		{813344D5-5043-401F-8DF6-151D77A5CF3E}.Release|x86.ActiveCfg = Release|Win32
		{813344D5-5043-401F-8DF6-151D77A5CF3E}.Release|x86.Build.0 = Release|Win32
		{0B88570B-79A9-480C-BF58-B32FDE87B38D}.Debug|x64.ActiveCfg = Debug|x64
		{0B88570B-79A9-480C-BF58-B32FDE87B38D}.Debug|x64.Build.0 = Debug|x64
		{0B88570B-79A9-480C-BF58-B32FDE87B38D}.Debug|x86.ActiveCfg = Debug|Win32
		{0B88570B-79A9-480C-BF58-B32FDE87B38D}.Debug|x86.Build.0 = Debug|Win32
		{0B88570B-79A9-480C-BF58-B32FDE87B38D}.Release|x64.ActiveCfg = Release|x64
		{0B88570B-79A9-480C-BF58-B32FDE87B38D}.Release|x64.Build.0 = Release|x64
		{0B88570B-79A9-480C-BF58-B32FDE87B38D}.Release|x86.ActiveCfg = Release|Win32
		{0B88570B-79A9-480C-BF58-B32FDE87B38D}.Release|x86.Build.0 = Release|Win32
		{928158C5-35BA-4DCA-B97D-5B9E7CE52E35}.Debug|x64.ActiveCfg = Debug|x64
		{928158C5-35BA-4DCA-B97D-5B9E7CE52E35}.Debug|x64.Build.0 = Debug|x64
		{928158C5-35BA-4DCA-B97D-5B9E7CE52E35}.Debug|x86.ActiveCfg = Debug|Win32
		{928158C5-35BA-4DCA-B97D-5B9E7CE52E35}.Debug|x86.Build.0 = Debug|Win32
		{928158C5-35BA-4DCA-B97D-5B9E7CE52E35}.Release|x64.ActiveCfg = Release|x64
		{928158C5-35BA-4DCA-B97D-5B9E7CE52E35}.Release|x64.Build.0 = Release|x64
		{928158C5-35BA-4DCA-B97D-5B9E7CE52E35}.Release|x86.ActiveCfg = Release|Win32
		{928158C5-35BA-4DCA-B97D-5B9E7CE52E35}.Release|x86.Build.0 = Release|Win32
		{61CB9D06-A63C-4C5F-999B-7CF319F185FD}.Debug|x64.ActiveCfg = Debug|x64
		{61CB9D06-A63C-4C5F-999B-7CF319F185FD}.Debug|x64.Build.0 = Debug|x64
		{61CB9D06-A63C-4C5F-999B-7CF319F185FD}.Debug|x86.ActiveCfg = Debug|Win32
		{61CB9D06-A63C-4C5F-999B-7CF319F185FD}.Debug|x86.Build.0 = Debug|Win32
		{61CB9D06-A63C-4C5F-999B-7CF319F185FD}.Release|x64.ActiveCfg = Release|x64
		{61CB9D06-A63C-4C5F-999B-7CF319F185FD}.Release|x64.Build.0 = Release|x64
		{61CB9D06-A63C-4C5F-999B-7CF319F185FD}.Release|x86.ActiveCfg = Release|Win32
		{61CB9D06-A63C-4C5F-999B-7CF319F185FD}.Release|x86.Build.0 = Release|Win32
		{F165B3D2-408D-44C3-BD3F-AE2B12066482}.Debug|x64.ActiveCfg = Debug|x64
		{F165B3D2-408D-44C3-BD3F-AE2B12066482}.Debug|x64.Build.0 = Debug|x64
		{F165B3D2-408D-44C3-BD3F-AE2B12066482}.Debug|x86.ActiveCfg = Debug|Win32
		{F165B3D2-408D-44C3-BD3F-AE2B12066482}.Debug|x86.Build.0 = Debug|Win32
		{F165B3D2-408D-44C3-BD3F-AE2B12066482}.Release|x64.ActiveCfg = Release|x64
		{F165B3D2-408D-44C3-BD3F-AE2B12066482}.Release|x64.Build.0 = Release|x64
		{F165B3D2-408D-44C3-BD3F-AE2B12066482}.Release|x86.ActiveCfg = Release|Win32
		{F165B3D2-408D-44C3-BD3F-AE2B12066482}.Release|x86.Build.0 = Release|Win32
		{3ADD97F4-10D9-4EF9-8735-63F22B6031BD}.Debug|x64.ActiveCfg = Debug|x64
		{3ADD97F4-10D9-4EF9-8735-63F22B6031BD}.Debug|x64.Build.0 = Debug|x64
		{3ADD97F4-10D9-4EF9-8735-63F22B6031BD}.Debug|x86.ActiveCfg = Debug|Win32
		{3ADD97F4-10D9-4EF9-8735-63F22B6031BD}.Debug|x86.Build.0 = Debug|Win32
		{3ADD97F4-10D9-4EF9-8735-63F22B6031BD}.Release|x64.ActiveCfg = Release|x64
		{3ADD97F4-10D9-4EF9-8735-63F22B6031BD}.Release|x64.Build.0 = Release|x64
		{3ADD97F4-10D9-4EF9-8735-63F22B6031BD}.Release|x86.ActiveCfg = Release|Win32
		{3ADD97F4-10D9-4EF9-8735-63F22B6031BD}.Release|x86.Build.0 = Release|Win32
		{72C44C45-5433-4807-8B8C-87DEFF63975C}.Debug|x64.ActiveCfg = Debug|x64
		{72C44C45-5433-4807-8B8C-87DEFF63975C}.Debug|x64.Build.0 = Debug|x64
		{72C44C45-5433-4807-8B8C-87DEFF63975C}.Debug|x86.ActiveCfg = Debug|Win32
		{72C44C45-5433-4807-8B8C-87DEFF63975C}.Debug|x86.Build.0 = Debug|Win32
		{72C44C45-5433-4807-8B8C-87DEFF63975C}.Release|x64.ActiveCfg = Release|x64
		{72C44C45-5433-4807-8B8C-87DEFF63975C}.Release|x64.Build.0 = Release|x64
		{72C44C45-5433-4807-8B8C-87DEFF63975C}.Release|x86.ActiveCfg = Release|Win32
		{72C44C45-5433-4807-8B8C-87DEFF63975C}.Release|x86.Build.0 = Release|Win32
		{339C6150-815F-4B75-B157-7BA19F1113D5}.Debug|x64.ActiveCfg = Debug|x64
		{339C6150-815F-4B75-B157-7BA19F1113D5}.Debug|x64.Build.0 = Debug|x64
		{339C6150-815F-4B75-B157-7BA19F1113D5}.Debug|x86.ActiveCfg = Debug|Win32
		{339C6150-815F-4B75-B157-7BA19F1113D5}.Debug|x86.Build.0 = Debug|Win32
		{339C6150-815F-4B75-B157-7BA19F1113D5}.Release|x64.ActiveCfg = Release|x64
		{339C6150-815F-4B75-B157-7BA19F1113D5}.Release|x64.Build.0 = Release|x64
		{339C6150-815F-4B75-B157-7BA19F1113D5}.Release|x86.ActiveCfg = Release|Win32
		{339C6150-815F-4B75-B157-7BA19F1113D5}.Release|x86.Build.0 = Release|Win32
		{E7CAC7D1-284C-4945-A2AB-7CF1810C416D}.Debug|x64.ActiveCfg = Debug|x64
		{E7CAC7D1-284C-4945-A2AB-7CF1810C416D}.Debug|x64.Build.0 = Debug|x64
		{E7CAC7D1-284C-4945-A2AB-7CF1810C416D}.Debug|x86.ActiveCfg = Debug|Win32
		{E7CAC7D1-284C-4945-A2AB-7CF1810C416D}.Debug|x86.Build.0 = Debug|Win32
		{E7CAC7D1-284C-4945-A2AB-7CF1810C416D}.Release|x64.ActiveCfg = Release|x64
		{E7CAC7D1-284C-4945-A2AB-7CF1810C416D}.Release|x64.Build.0 = Release|x64
		{E7CAC7D1-284C-4945-A2AB-7CF1810C416D}.Release|x86.ActiveCfg = Release|Win32
		{E7CAC7D1-284C-4945-A2AB-7CF1810C416D}.Release|x86.Build.0 = Release|Win32
		{18406B51-C7ED-4673-9BDF-052DA0A01303}.Debug|x64.ActiveCfg = Debug|x64
		{18406B51-C7ED-4673-9BDF-052DA0A01303}.Debug|x64.Build.0 = Debug|x64
		{18406B51-C7ED-4673-9BDF-052DA0A01303}.Debug|x86.ActiveCfg = Debug|Win32
		{18406B51-C7ED-4673-9BDF-052DA0A01303}.Debug|x86.Build.0 = Debug|Win32
		{18406B51-C7ED-4673-9BDF-052DA0A01303}.Release|x64.ActiveCfg = Release|x64
		{18406B51-C7ED-4673-9BDF-052DA0A01303}.Release|x64.Build.0 = Release|x64
		{18406B51-C7ED-4673-9BDF-052DA0A01303}.Release|x86.ActiveCfg = Release|Win32
		{18406B51-C7ED-4673-9BDF-052DA0A01303}.Release|x86.Build.0 = Release|Win32
		{84D20FAF-B52F-4654-A413-8409D14B76B2}.Debug|x64.ActiveCfg = Debug|x64
		{84D20FAF-B52F-4654-A413-8409D14B76B2}.Debug|x64.Build.0 = Debug|x64
		{84D20FAF-B52F-4654-A413-8409D14B76B2}.Debug|x86.ActiveCfg = Debug|Win32
		{84D20FAF-B52F-4654-A413-8409D14B76B2}.Debug|x86.Build.0 = Debug|Win32
		{84D20FAF-B52F-4654-A413-8409D14B76B2}.Release|x64.ActiveCfg = Release|x64
		{84D20FAF-B52F-4654-A413-8409D14B76B2}.Release|x64.Build.0 = Release|x64
		{84D20FAF-B52F-4654-A413-8409D14B76B2}.Release|x86.ActiveCfg = Release|Win32
		{84D20FAF-B52F-4654-A413-8409D14B76B2}.Release|x86.Build.0 = Release|Win32
		{544EA06F-0630-42A6-BE4D-EF9D7E8E9FF2}.Debug|x64.ActiveCfg = Debug|x64
		{544EA06F-0630-42A6-BE4D-EF9D7E8E9FF2}.Debug|x64.Build.0 = Debug|x64
		{544EA06F-0630-42A6-BE4D-EF9D7E8E9FF2}.Debug|x86.ActiveCfg = Debug|Win32
		{544EA06F-0630-42A6-BE4D-EF9D7E8E9FF2}.Debug|x86.Build.0 = Debug|Win32
		{544EA06F-0630-42A6-BE4D-EF9D7E8E9FF2}.Release|x64.ActiveCfg = Release|x64
		{544EA06F-0630-42A6-BE4D-EF9D7E8E9FF2}.Release|x64.Build.0 = Release|x64
		{544EA06F-0630-42A6-BE4D-EF9D7E8E9FF2}.Release|x86.ActiveCfg = Release|Win32
		{544EA06F-0630-42A6-BE4D-EF9D7E8E9FF2}.Release|x86.Build.0 = Release|Win32
		{1CBAC7A8-97EE-4B00-9412-2761BF19DA0E}.Debug|x64.ActiveCfg = Debug|x64
		{1CBAC7A8-97EE-4B00-9412-2761BF19DA0E}.Debug|x64.Build.0 = Debug|x64
		{1CBAC7A8-97EE-4B00-9412-2761BF19DA0E}.Debug|x86.ActiveCfg = Debug|Win32
		{1CBAC7A8-97EE-4B00-9412-2761BF19DA0E}.Debug|x86.Build.0 = Debug|Win32
		{1CBAC7A8-97EE-4B00-9412-2761BF19DA0E}.Release|x64.ActiveCfg = Release|x64
		{1CBAC7A8-97EE-4B00-9412-2761BF19DA0E}.Release|x64.Build.0 = Release|x64
		{1CBAC7A8-97EE-4B00-9412-2761BF19DA0E}.Release|x86.ActiveCfg = Release|Win32
		{1CBAC7A8-97EE-4B00-9412-2761BF19DA0E}.Release|x86.Build.0 = Release|Win32
		{674643D2-7EED-4E14-8E03-53E093E15EDC}.Debug|x64.ActiveCfg = Debug|x64
		{674643D2-7EED-4E14-8E03-53E093E15EDC}.Debug|x64.Build.0 = Debug|x64
		{674643D2-7EED-4E14-8E03-53E093E15EDC}.Debug|x86.ActiveCfg = Debug|Win32
		{674643D2-7EED-4E14-8E03-53E093E15EDC}.Debug|x86.Build.0 = Debug|Win32
		{674643D2-7EED-4E14-8E03-53E093E15EDC}.Release|x64.ActiveCfg = Release|x64
		{674643D2-7EED-4E14-8E03-53E093E15EDC}.Release|x64.Build.0 = Release|x64
		{674643D2-7EED-4E14-8E03-53E093E15EDC}.Release|x86.ActiveCfg = Release|Win32
		{674643D2-7EED-4E14-8E03-53E093E15EDC}.Release|x86.Build.0 = Release|Win32
		{8080D975-1937-45CE-9F5E-8F89FA508201}.Debug|x64.ActiveCfg = Debug|x64
		{8080D975-1937-45CE-9F5E-8F89FA508201}.Debug|x64.Build.0 = Debug|x64
		{8080D975-1937-45CE-9F5E-8F89FA508201}.Debug|x86.ActiveCfg = Debug|Win32
		{8080D975-1937-45CE-9F5E-8F89FA508201}.Debug|x86.Build.0 = Debug|Win32
		{8080D975-1937-45CE-9F5E-8F89FA508201}.Release|x64.ActiveCfg = Release|x64
		{8080D975-1937-45CE-9F5E-8F89FA508201}.Release|x64.Build.0 = Release|x64
		{8080D975-1937-45CE-9F5E-8F89FA508201}.Release|x86.ActiveCfg = Release|Win32
		{8080D975-1937-45CE-9F5E-8F89FA508201}.Release|x86.Build.0 = Release|Win32
		{E6306D34-8261-4EC0-B63C-C0F38331CEDB}.Debug|x64.ActiveCfg = Debug|x64
		{E6306D34-8261-4EC0-B63C-C0F38331CEDB}.Debug|x64.Build.0 = Debug|x64
		{E6306D34-8261-4EC0-B63C-C0F38331CEDB}.Debug|x86.ActiveCfg = Debug|Win32
		{E6306D34-8261-4EC0-B63C-C0F38331CEDB}.Debug|x86.Build.0 = Debug|Win32
		{E6306D34-8261-4EC0-B63C-C0F38331CEDB}.Release|x64.ActiveCfg = Release|x64
		{E6306D34-8261-4EC0-B63C-C0F38331CEDB}.Release|x64.Build.0 = Release|x64
		{E6306D34-8261-4EC0-B63C-C0F38331CEDB}.Release|x86.ActiveCfg = Release|Win32
		{E6306D34-8261-4EC0-B63C-C0F38331CEDB}.Release|x86.Build.0 = Release|Win32
		{A0C32338-7041-4540-962E-4E7BC4BC1BB4}.Debug|x64.ActiveCfg = Debug|x64
		{A0C32338-7041-4540-962E-4E7BC4BC1BB4}.Debug|x64.Build.0 = Debug|x64
		{A0C32338-7041-4540-962E-4E7BC4BC1BB4}.Debug|x86.ActiveCfg = Debug|Win32
		{A0C32338-7041-4540-962E-4E7BC4BC1BB4}.Debug|x86.Build.0 = Debug|Win32
		{A0C32338-7041-4540-962E-4E7BC4BC1BB4}.Release|x64.ActiveCfg = Release|x64
		{A0C32338-7041-4540-962E-4E7BC4BC1BB4}.Release|x64.Build.0 = Release|x64
		{A0C32338-7041-4540-962E-4E7BC4BC1BB4}.Release|x86.ActiveCfg = Release|Win32
		{A0C32338-7041-4540-962E-4E7BC4BC1BB4}.Release|x86.Build.0 = Release|Win32
		{42657CC2-50C4-4E87-83D6-4E2F09E82AC0}.Debug|x64.ActiveCfg = Debug|x64
		{42657CC2-50C4-4E87-83D6-4E2F09E82AC0}.Debug|x64.Build.0 = Debug|x64
		{42657CC2-50C4-4E87-83D6-4E2F09E82AC0}.Debug|x86.ActiveCfg = Debug|Win32
		{42657CC2-50C4-4E87-83D6-4E2F09E82AC0}.Debug|x86.Build.0 = Debug|Win32
		{42657CC2-50C4-4E87-83D6-4E2F09E82AC0}.Release|x64.ActiveCfg = Release|x64
		{42657CC2-50C4-4E87-83D6-4E2F09E82AC0}.Release|x64.Build.0 = Release|x64
		{42657CC2-50C4-4E87-83D6-4E2F09E82AC0}.Release|x86.ActiveCfg = Release|Win32
		{42657CC2-50C4-4E87-83D6-4E2F09E82AC0}.Release|x86.Build.0 = Release|Win32
		{AAF72583-0360-4830-BC43-F52B6F91E366}.Debug|x64.ActiveCfg = Debug|x64
		{AAF72583-0360-4830-BC43-F52B6F91E366}.Debug|x64.Build.0 = Debug|x64
		{AAF72583-0360-4830-BC43-F52B6F91E366}.Debug|x86.ActiveCfg = Debug|Win32
		{AAF72583-0360-4830-BC43-F52B6F91E366}.Debug|x86.Build.0 = Debug|Win32
		{AAF72583-0360-4830-BC43-F52B6F91E366}.Release|x64.ActiveCfg = Release|x64
		{AAF72583-0360-4830-BC43-F52B6F91E366}.Release|x64.Build.0 = Release|x64
		{AAF72583-0360-4830-BC43-F52B6F91E366}.Release|x86.ActiveCfg = Release|Win32
		{AAF72583-0360-4830-BC43-F52B6F91E366}.Release|x86.Build.0 = Release|Win32
		{A305036F-66C2-4860-B1C2-A603CC90FF87}.Debug|x64.ActiveCfg = Debug|x64
		{A305036F-66C2-4860-B1C2-A603CC90FF87}.Debug|x64.Build.0 = Debug|x64
		{A305036F-66C2-4860-B1C2-A603CC90FF87}.Debug|x86.ActiveCfg = Debug|Win32
		{A305036F-66C2-4860-B1C2-A603CC90FF87}.Debug|x86.Build.0 = Debug|Win32
		{A305036F-66C2-4860-B1C2-A603CC90FF87}.Release|x64.ActiveCfg = Release|x64
		{A305036F-66C2-4860-B1C2-A603CC90FF87}.Release|x64.Build.0 = Release|x64
		{A305036F-66C2-4860-B1C2-A603CC90FF87}.Release|x86.ActiveCfg = Release|Win32
		{A305036F-66C2-4860-B1C2-A603CC90FF87}.Release|x86.Build.0 = Release|Win32
		{DF9C7E4C-B63C-4739-B5F6-BC75D248D1EE}.Debug|x64.ActiveCfg = Debug|x64
		{DF9C7E4C-B63C-4739-B5F6-BC75D248D1EE}.Debug|x64.Build.0 = Debug|x64
		{DF9C7E4C-B63C-4739-B5F6-BC75D248D1EE}.Debug|x86.ActiveCfg = Debug|Win32
		{DF9C7E4C-B63C-4739-B5F6-BC75D248D1EE}.Debug|x86.Build.0 = Debug|Win32
		{DF9C7E4C-B63C-4739-B5F6-BC75D248D1EE}.Release|x64.ActiveCfg = Release|x64
		{DF9C7E4C-B63C-4739-B5F6-BC75D248D1EE}.Release|x64.Build.0 = Release|x64
		{DF9C7E4C-B63C-4739-B5F6-BC75D248D1EE}.Release|x86.ActiveCfg = Release|Win32
		{DF9C7E4C-B63C-4739-B5F6-BC75D248D1EE}.Release|x86.Build.0 = Release|Win32
		{6A78F88C-E20F-4071-B765-FBBC7F90F3A3}.Debug|x64.ActiveCfg = Debug|x64
		{6A78F88C-E20F-4071-B765-FBBC7F90F3A3}.Debug|x64.Build.0 = Debug|x64
		{6A78F88C-E20F-4071-B765-FBBC7F90F3A3}.Debug|x86.ActiveCfg = Debug|Win32
		{6A78F88C-E20F-4071-B765-FBBC7F90F3A3}.Debug|x86.Build.0 = Debug|Win32
		{6A78F88C-E20F-4071-B765-FBBC7F90F3A3}.Release|x64.ActiveCfg = Release|x64
		{6A78F88C-E20F-4071-B765-FBBC7F90F3A3}.Release|x64.Build.0 = Release|x64
		{6A78F88C-E20F-4071-B765-FBBC7F90F3A3}.Release|x86.ActiveCfg = Release|Win32
		{6A78F88C-E20F-4071-B765-FBBC7F90F3A3}.Release|x86.Build.0 = Release|Win32
		{6B5D36F2-2CFB-45C9-B60B-9963DB60E549}.Debug|x64.ActiveCfg = Debug|x64
		{6B5D36F2-2CFB-45C9-B60B-9963DB60E549}.Debug|x64.Build.0 = Debug|x64
		{6B5D36F2-2CFB-45C9-B60B-9963DB60E549}.Debug|x86.ActiveCfg = Debug|Win32
		{6B5D36F2-2CFB-45C9-B60B-9963DB60E549}.Debug|x86.Build.0 = Debug|Win32
		{6B5D36F2-2CFB-45C9-B60B-9963DB60E549}.Release|x64.ActiveCfg = Release|x64
		{6B5D36F2-2CFB-45C9-B60B-9963DB60E549}.Release|x64.Build.0 = Release|x64
		{6B5D36F2-2CFB-45C9-B60B-9963DB60E549}.Release|x86.ActiveCfg = Release|Win32
		{6B5D36F2-2CFB-45C9-B60B-9963DB60E549}.Release|x86.Build.0 = Release|Win32
		{76205A5C-1C14-41FB-B95D-DA419895BA28}.Debug|x64.ActiveCfg = Debug|x64
		{76205A5C-1C14-41FB-B95D-DA419895BA28}.Debug|x64.Build.0 = Debug|x64
		{76205A5C-1C14-41FB-B95D-DA419895BA28}.Debug|x86.ActiveCfg = Debug|Win32
		{76205A5C-1C14-41FB-B95D-DA419895BA28}.Debug|x86.Build.0 = Debug|Win32
		{76205A5C-1C14-41FB-B95D-DA419895BA28}.Release|x64.ActiveCfg = Release|x64
		{76205A5C-1C14-41FB-B95D-DA419895BA28}.Release|x64.Build.0 = Release|x64
		{76205A5C-1C14-41FB-B95D-DA419895BA28}.Release|x86.ActiveCfg = Release|Win32
		{76205A5C-1C14-41FB-B95D-DA419895BA28}.Release|x86.Build.0 = Release|Win32
		{8F0C2FB3-08AD-424C-9306-E60AD0C95500}.Debug|x64.ActiveCfg = Debug|x64
		{8F0C2FB3-08AD-424C-9306-E60AD0C95500}.Debug|x64.Build.0 = Debug|x64
		{8F0C2FB3-08AD-424C-9306-E60AD0C95500}.Debug|x86.ActiveCfg = Debug|Win32
		{8F0C2FB3-08AD-424C-9306-E60AD0C95500}.Debug|x86.Build.0 = Debug|Win32
		{8F0C2FB3-08AD-424C-9306-E60AD0C95500}.Release|x64.ActiveCfg = Release|x64
		{8F0C2FB3-08AD-424C-9306-E60AD0C95500}.Release|x64.Build.0 = Release|x64
		{8F0C2FB3-08AD-424C-9306-E60AD0C95500}.Release|x86.ActiveCfg = Release|Win32
		{8F0C2FB3-08AD-424C-9306-E60AD0C95500}.Release|x86.Build.0 = Release|Win32
		{30573B56-B2D2-4C71-B279-C790494FF28A}.Debug|x64.ActiveCfg = Debug|x64
		{30573B56-B2D2-4C71-B279-C790494FF28A}.Debug|x64.Build.0 = Debug|x64
		{30573B56-B2D2-4C71-B279-C790494FF28A}.Debug|x86.ActiveCfg = Debug|Win32
		{30573B56-B2D2-4C71-B279-C790494FF28A}.Debug|x86.Build.0 = Debug|Win32
		{30573B56-B2D2-4C71-B279-C790494FF28A}.Release|x64.ActiveCfg = Release|x64
		{30573B56-B2D2-4C71-B279-C790494FF28A}.Release|x64.Build.0 = Release|x64
		{30573B56-B2D2-4C71-B279-C790494FF28A}.Release|x86.ActiveCfg = Release|Win32
		{30573B56-B2D2-4C71-B279-C790494FF28A}.Release|x86.Build.0 = Release|Win32
		{D22A822F-926F-4DCA-AC1F-9752D716FA64}.Debug|x64.ActiveCfg = Debug|x64
		{D22A822F-926F-4DCA-AC1F-9752D716FA64}.Debug|x64.Build.0 = Debug|x64
		{D22A822F-926F-4DCA-AC1F-9752D716FA64}.Debug|x86.ActiveCfg = Debug|Win32
		{D22A822F-926F-4DCA-AC1F-9752D716FA64}.Debug|x86.Build.0 = Debug|Win32
		{D22A822F-926F-4DCA-AC1F-9752D716FA64}.Release|x64.ActiveCfg = Release|x64
		{D22A822F-926F-4DCA-AC1F-9752D716FA64}.Release|x64.Build.0 = Release|x64
		{D22A822F-926F-4DCA-AC1F-9752D716FA64}.Release|x86.ActiveCfg = Release|Win32
		{D22A822F-926F-4DCA-AC1F-9752D716FA64}.Release|x86.Build.0 = Release|Win32
		{9A3DCBA2-341E-41B1-9C96-F926A5F1CAF8}.Debug|x64.ActiveCfg = Debug|x64
		{9A3DCBA2-341E-41B1-9C96-F926A5F1CAF8}.Debug|x64.Build.0 = Debug|x64
		{9A3DCBA2-341E-41B1-9C96-F926A5F1CAF8}.Debug|x86.ActiveCfg = Debug|Win32
		{9A3DCBA2-341E-41B1-9C96-F926A5F1CAF8}.Debug|x86.Build.0 = Debug|Win32
		{9A3DCBA2-341E-41B1-9C96-F926A5F1CAF8}.Release|x64.ActiveCfg = Release|x64
		{9A3DCBA2-341E-41B1-9C96-F926A5F1CAF8}.Release|x64.Build.0 = Release|x64
		{9A3DCBA2-341E-41B1-9C96-F926A5F1CAF8}.Release|x86.ActiveCfg = Release|Win32
		{9A3DCBA2-341E-41B1-9C96-F926A5F1CAF8}.Release|x86.Build.0 = Release|Win32
		{605D489C-6BC2-4A89-9DF8-B10DC0D14E3C}.Debug|x64.ActiveCfg = Debug|x64
		{605D489C-6BC2-4A89-9DF8-B10DC0D14E3C}.Debug|x64.Build.0 = Debug|x64
		{605D489C-6BC2-4A89-9DF8-B10DC0D14E3C}.Debug|x86.ActiveCfg = Debug|Win32
		{605D489C-6BC2-4A89-9DF8-B10DC0D14E3C}.Debug|x86.Build.0 = Debug|Win32
		{605D489C-6BC2-4A89-9DF8-B10DC0D14E3C}.Release|x64.ActiveCfg = Release|x64
		{605D489C-6BC2-4A89-9DF8-B10DC0D14E3C}.Release|x64.Build.0 = Release|x64
		{605D489C-6BC2-4A89-9DF8-B10DC0D14E3C}.Release|x86.ActiveCfg = Release|Win32
		{605D489C-6BC2-4A89-9DF8-B10DC0D14E3C}.Release|x86.Build.0 = Release|Win32
		{49EA825A-5ECB-48DD-B197-05ACC5FF81DA}.Debug|x64.ActiveCfg = Debug|x64
		{49EA825A-5ECB-48DD-B197-05ACC5FF81DA}.Debug|x64.Build.0 = Debug|x64
		{49EA825A-5ECB-48DD-B197-05ACC5FF81DA}.Debug|x86.ActiveCfg = Debug|Win32
		{49EA825A-5ECB-48DD-B197-05ACC5FF81DA}.Debug|x86.Build.0 = Debug|Win32
		{49EA825A-5ECB-48DD-B197-05ACC5FF81DA}.Release|x64.ActiveCfg = Release|x64
		{49EA825A-5ECB-48DD-B197-05ACC5FF81DA}.Release|x64.Build.0 = Release|x64
		{49EA825A-5ECB-48DD-B197-05ACC5FF81DA}.Release|x86.ActiveCfg = Release|Win32
		{49EA825A-5ECB-48DD-B197-05ACC5FF81DA}.Release|x86.Build.0 = Release|Win32
	EndGlobalSection
	GlobalSection(SolutionProperties) = preSolution
		HideSolutionNode = FALSE
	EndGlobalSection
	GlobalSection(ExtensibilityGlobals) = postSolution
		SolutionGuid = {C14D1C83-156D-4BE0-A1BE-FF222485004D}
	EndGlobalSection
EndGlobal
